// !$*UTF8*$!
{
	archiveVersion = 1;
	classes = {
	};
	objectVersion = 50;
	objects = {

/* Begin PBXGroup section */
		A0D0812B22EC41BE0060B5C7 = {
			isa = PBXGroup;
			children = (
			);
			sourceTree = "<group>";
		};
/* End PBXGroup section */

/* Begin PBXProject section */
		A0D0812C22EC41BE0060B5C7 /* Project object */ = {
			isa = PBXProject;
			attributes = {
				LastUpgradeCheck = 1030;
			};
			buildConfigurationList = A0D0812F22EC41BE0060B5C7 /* Build configuration list for PBXProject "TrafficSim" */;
			compatibilityVersion = "Xcode 9.3";
			developmentRegion = en;
			hasScannedForEncodings = 0;
			knownRegions = (
				en,
			);
			mainGroup = A0D0812B22EC41BE0060B5C7;
			projectDirPath = "";
			projectRoot = "";
			targets = (
			);
		};
/* End PBXProject section */

/* Begin XCBuildConfiguration section */
		A0D0813022EC41BE0060B5C7 /* Debug */ = {
			isa = XCBuildConfiguration;
			buildSettings = {
			};
			name = Debug;
		};
		A0D0813122EC41BE0060B5C7 /* Release */ = {
			isa = XCBuildConfiguration;
			buildSettings = {
			};
			name = Release;
		};
/* End XCBuildConfiguration section */

/* Begin XCConfigurationList section */
		A0D0812F22EC41BE0060B5C7 /* Build configuration list for PBXProject "TrafficSim" */ = {
			isa = XCConfigurationList;
			buildConfigurations = (
				A0D0813022EC41BE0060B5C7 /* Debug */,
				A0D0813122EC41BE0060B5C7 /* Release */,
			);
			defaultConfigurationIsVisible = 0;
			defaultConfigurationName = Release;
		};
/* End XCConfigurationList section */
	};
	rootObject = A0D0812C22EC41BE0060B5C7 /* Project object */;
}
